
Microsoft Visual Studio Solution File, Format Version 12.00
# Visual Studio Version 16
VisualStudioVersion = 16.0.30011.22
MinimumVisualStudioVersion = 10.0.40219.1
Project("{FAE04EC0-301F-11D3-BF4B-00C04F79EFBC}") = "RegisterAndLogin.UI", "RegisterAndLogin.UI\RegisterAndLogin.UI.csproj", "{A536D244-F2C7-4728-A76D-EB47BB6CB074}"
EndProject
Global
	GlobalSection(SolutionConfigurationPlatforms) = preSolution
		Debug|Any CPU = Debug|Any CPU
		Release|Any CPU = Release|Any CPU
	EndGlobalSection
	GlobalSection(ProjectConfigurationPlatforms) = postSolution
		{A536D244-F2C7-4728-A76D-EB47BB6CB074}.Debug|Any CPU.ActiveCfg = Debug|Any CPU
		{A536D244-F2C7-4728-A76D-EB47BB6CB074}.Debug|Any CPU.Build.0 = Debug|Any CPU
		{A536D244-F2C7-4728-A76D-EB47BB6CB074}.Release|Any CPU.ActiveCfg = Release|Any CPU
		{A536D244-F2C7-4728-A76D-EB47BB6CB074}.Release|Any CPU.Build.0 = Release|Any CPU
	EndGlobalSection
	GlobalSection(SolutionProperties) = preSolution
		HideSolutionNode = FALSE
	EndGlobalSection
	GlobalSection(ExtensibilityGlobals) = postSolution
		SolutionGuid = {DB5F9AB8-A388-455F-8B7B-9E4232ADBF13}
	EndGlobalSection
EndGlobal
